
Microsoft Visual Studio Solution File, Format Version 12.00
# Visual Studio Version 16
VisualStudioVersion = 16.0.31911.196
MinimumVisualStudioVersion = 10.0.40219.1
Project("{FAE04EC0-301F-11D3-BF4B-00C04F79EFBC}") = "22Pr", "22Pr\22Pr.csproj", "{8E99A0D3-0269-46DA-B9DE-2C9FC335D668}"
EndProject
Global
	GlobalSection(SolutionConfigurationPlatforms) = preSolution
		Debug|Any CPU = Debug|Any CPU
		Release|Any CPU = Release|Any CPU
	EndGlobalSection
	GlobalSection(ProjectConfigurationPlatforms) = postSolution
		{8E99A0D3-0269-46DA-B9DE-2C9FC335D668}.Debug|Any CPU.ActiveCfg = Debug|Any CPU
		{8E99A0D3-0269-46DA-B9DE-2C9FC335D668}.Debug|Any CPU.Build.0 = Debug|Any CPU
		{8E99A0D3-0269-46DA-B9DE-2C9FC335D668}.Release|Any CPU.ActiveCfg = Release|Any CPU
		{8E99A0D3-0269-46DA-B9DE-2C9FC335D668}.Release|Any CPU.Build.0 = Release|Any CPU
	EndGlobalSection
	GlobalSection(SolutionProperties) = preSolution
		HideSolutionNode = FALSE
	EndGlobalSection
	GlobalSection(ExtensibilityGlobals) = postSolution
		SolutionGuid = {04F9F7DB-F218-487B-859D-329B2D6DC387}
	EndGlobalSection
EndGlobal
